{
  "name": "373-24-cachupa",
  "lockfileVersion": 3,
  "requires": true,
  "packages": {
    "": {
      "dependencies": {
        "tree-sitter-cli": "^0.24.2"
      }
    },
    "node_modules/tree-sitter-cli": {
      "version": "0.24.2",
      "resolved": "https://registry.npmjs.org/tree-sitter-cli/-/tree-sitter-cli-0.24.2.tgz",
      "integrity": "sha512-W3dyC6dDpcH0nNHD7HHhRxvGW56EH+Gel2k/gJTHbQydBwed3ONbwpUeqpQzNJ3BvTtR1RZ9He5wkP2j9/xdkA==",
      "hasInstallScript": true,
      "bin": {
        "tree-sitter": "cli.js"
      },
      "engines": {
        "node": ">=12.0.0"
      }
    }
  }
}
